// !$*UTF8*$!
{
	archiveVersion = 1;
	classes = {
	};
	objectVersion = 46;
	objects = {

/* Begin PBXBuildFile section */
		461420C11BC69A940053A2D9 /* DateTools.bundle in Resources */ = {isa = PBXBuildFile; fileRef = 461420941BC69A940053A2D9 /* DateTools.bundle */; settings = {ASSET_TAGS = (); }; };
		461420C21BC69A940053A2D9 /* DTError.m in Sources */ = {isa = PBXBuildFile; fileRef = 461420981BC69A940053A2D9 /* DTError.m */; settings = {ASSET_TAGS = (); }; };
		461420C31BC69A940053A2D9 /* DTTimePeriod.m in Sources */ = {isa = PBXBuildFile; fileRef = 4614209A1BC69A940053A2D9 /* DTTimePeriod.m */; settings = {ASSET_TAGS = (); }; };
		461420C41BC69A940053A2D9 /* DTTimePeriodChain.m in Sources */ = {isa = PBXBuildFile; fileRef = 4614209C1BC69A940053A2D9 /* DTTimePeriodChain.m */; settings = {ASSET_TAGS = (); }; };
		461420C51BC69A940053A2D9 /* DTTimePeriodCollection.m in Sources */ = {isa = PBXBuildFile; fileRef = 4614209E1BC69A940053A2D9 /* DTTimePeriodCollection.m */; settings = {ASSET_TAGS = (); }; };
		461420C61BC69A940053A2D9 /* DTTimePeriodGroup.m in Sources */ = {isa = PBXBuildFile; fileRef = 461420A01BC69A940053A2D9 /* DTTimePeriodGroup.m */; settings = {ASSET_TAGS = (); }; };
		461420C71BC69A940053A2D9 /* NSDate+DateTools.m in Sources */ = {isa = PBXBuildFile; fileRef = 461420A21BC69A940053A2D9 /* NSDate+DateTools.m */; settings = {ASSET_TAGS = (); }; };
		461420C81BC69A940053A2D9 /* FMDatabase.m in Sources */ = {isa = PBXBuildFile; fileRef = 461420A51BC69A940053A2D9 /* FMDatabase.m */; settings = {ASSET_TAGS = (); }; };
		461420C91BC69A940053A2D9 /* FMDatabaseAdditions.m in Sources */ = {isa = PBXBuildFile; fileRef = 461420A71BC69A940053A2D9 /* FMDatabaseAdditions.m */; settings = {ASSET_TAGS = (); }; };
		461420CA1BC69A940053A2D9 /* FMDatabasePool.m in Sources */ = {isa = PBXBuildFile; fileRef = 461420A91BC69A940053A2D9 /* FMDatabasePool.m */; settings = {ASSET_TAGS = (); }; };
		461420CB1BC69A940053A2D9 /* FMDatabaseQueue.m in Sources */ = {isa = PBXBuildFile; fileRef = 461420AB1BC69A940053A2D9 /* FMDatabaseQueue.m */; settings = {ASSET_TAGS = (); }; };
		461420CC1BC69A940053A2D9 /* FMResultSet.m in Sources */ = {isa = PBXBuildFile; fileRef = 461420AE1BC69A940053A2D9 /* FMResultSet.m */; settings = {ASSET_TAGS = (); }; };
		461420CD1BC69A940053A2D9 /* MJConst.m in Sources */ = {isa = PBXBuildFile; fileRef = 461420B11BC69A940053A2D9 /* MJConst.m */; settings = {ASSET_TAGS = (); }; };
		461420CE1BC69A940053A2D9 /* MJFoundation.m in Sources */ = {isa = PBXBuildFile; fileRef = 461420B41BC69A940053A2D9 /* MJFoundation.m */; settings = {ASSET_TAGS = (); }; };
		461420CF1BC69A940053A2D9 /* MJProperty.m in Sources */ = {isa = PBXBuildFile; fileRef = 461420B61BC69A940053A2D9 /* MJProperty.m */; settings = {ASSET_TAGS = (); }; };
		461420D01BC69A940053A2D9 /* MJType.m in Sources */ = {isa = PBXBuildFile; fileRef = 461420B81BC69A940053A2D9 /* MJType.m */; settings = {ASSET_TAGS = (); }; };
		461420D11BC69A940053A2D9 /* NSObject+MJCoding.m in Sources */ = {isa = PBXBuildFile; fileRef = 461420BA1BC69A940053A2D9 /* NSObject+MJCoding.m */; settings = {ASSET_TAGS = (); }; };
		461420D21BC69A940053A2D9 /* NSObject+MJKeyValue.m in Sources */ = {isa = PBXBuildFile; fileRef = 461420BC1BC69A940053A2D9 /* NSObject+MJKeyValue.m */; settings = {ASSET_TAGS = (); }; };
		461420D31BC69A940053A2D9 /* NSObject+MJProperty.m in Sources */ = {isa = PBXBuildFile; fileRef = 461420BE1BC69A940053A2D9 /* NSObject+MJProperty.m */; settings = {ASSET_TAGS = (); }; };
		461420D41BC69A940053A2D9 /* NSString+MJExtension.m in Sources */ = {isa = PBXBuildFile; fileRef = 461420C01BC69A940053A2D9 /* NSString+MJExtension.m */; settings = {ASSET_TAGS = (); }; };
		461420DC1BC69C250053A2D9 /* YQEventViewController.m in Sources */ = {isa = PBXBuildFile; fileRef = 461420D81BC69C250053A2D9 /* YQEventViewController.m */; settings = {ASSET_TAGS = (); }; };
		461420DD1BC69C250053A2D9 /* YQPaymentViewCell.m in Sources */ = {isa = PBXBuildFile; fileRef = 461420DB1BC69C250053A2D9 /* YQPaymentViewCell.m */; settings = {ASSET_TAGS = (); }; };
		461420E71BC69CC50053A2D9 /* YQAccountTool.m in Sources */ = {isa = PBXBuildFile; fileRef = 461420E01BC69CC50053A2D9 /* YQAccountTool.m */; settings = {ASSET_TAGS = (); }; };
		461420E81BC69CC50053A2D9 /* YQDataBaseManager.m in Sources */ = {isa = PBXBuildFile; fileRef = 461420E21BC69CC50053A2D9 /* YQDataBaseManager.m */; settings = {ASSET_TAGS = (); }; };
		461420E91BC69CC50053A2D9 /* YQDate.m in Sources */ = {isa = PBXBuildFile; fileRef = 461420E41BC69CC50053A2D9 /* YQDate.m */; settings = {ASSET_TAGS = (); }; };
		461420EA1BC69CC50053A2D9 /* YQPassWordTool.m in Sources */ = {isa = PBXBuildFile; fileRef = 461420E61BC69CC50053A2D9 /* YQPassWordTool.m */; settings = {ASSET_TAGS = (); }; };
		461420EF1BC69D450053A2D9 /* YQLoginController.m in Sources */ = {isa = PBXBuildFile; fileRef = 461420ED1BC69D450053A2D9 /* YQLoginController.m */; settings = {ASSET_TAGS = (); }; };
		461420F01BC69D450053A2D9 /* YQLoginController.xib in Resources */ = {isa = PBXBuildFile; fileRef = 461420EE1BC69D450053A2D9 /* YQLoginController.xib */; settings = {ASSET_TAGS = (); }; };
		461421051BC69EE00053A2D9 /* YQMoreHeaderView.m in Sources */ = {isa = PBXBuildFile; fileRef = 461420F41BC69EE00053A2D9 /* YQMoreHeaderView.m */; settings = {ASSET_TAGS = (); }; };
		461421061BC69EE00053A2D9 /* YQMoreHeaderView.xib in Resources */ = {isa = PBXBuildFile; fileRef = 461420F51BC69EE00053A2D9 /* YQMoreHeaderView.xib */; settings = {ASSET_TAGS = (); }; };
		461421071BC69EE00053A2D9 /* YQMoreViewController.m in Sources */ = {isa = PBXBuildFile; fileRef = 461420F71BC69EE00053A2D9 /* YQMoreViewController.m */; settings = {ASSET_TAGS = (); }; };
		461421081BC69EE00053A2D9 /* YQCircleView.m in Sources */ = {isa = PBXBuildFile; fileRef = 461420FA1BC69EE00053A2D9 /* YQCircleView.m */; settings = {ASSET_TAGS = (); }; };
		461421091BC69EE00053A2D9 /* YQGestureSettingViewController.m in Sources */ = {isa = PBXBuildFile; fileRef = 461420FC1BC69EE00053A2D9 /* YQGestureSettingViewController.m */; settings = {ASSET_TAGS = (); }; };
		4614210A1BC69EE00053A2D9 /* YQLockView.m in Sources */ = {isa = PBXBuildFile; fileRef = 461420FE1BC69EE00053A2D9 /* YQLockView.m */; settings = {ASSET_TAGS = (); }; };
		4614210B1BC69EE00053A2D9 /* YQLockViewController.m in Sources */ = {isa = PBXBuildFile; fileRef = 461421001BC69EE00053A2D9 /* YQLockViewController.m */; settings = {ASSET_TAGS = (); }; };
		4614210C1BC69EE00053A2D9 /* YQLockViewController.xib in Resources */ = {isa = PBXBuildFile; fileRef = 461421011BC69EE00053A2D9 /* YQLockViewController.xib */; settings = {ASSET_TAGS = (); }; };
		4614210D1BC69EE00053A2D9 /* YQNoticeTimeController.m in Sources */ = {isa = PBXBuildFile; fileRef = 461421041BC69EE00053A2D9 /* YQNoticeTimeController.m */; settings = {ASSET_TAGS = (); }; };
		4614211A1BC6A3720053A2D9 /* CompanyAccount.m in Sources */ = {isa = PBXBuildFile; fileRef = 461421111BC6A3710053A2D9 /* CompanyAccount.m */; settings = {ASSET_TAGS = (); }; };
		4614211B1BC6A3720053A2D9 /* YQHomeCell.m in Sources */ = {isa = PBXBuildFile; fileRef = 461421131BC6A3720053A2D9 /* YQHomeCell.m */; settings = {ASSET_TAGS = (); }; };
		4614211C1BC6A3720053A2D9 /* YQHomeCell.xib in Resources */ = {isa = PBXBuildFile; fileRef = 461421141BC6A3720053A2D9 /* YQHomeCell.xib */; settings = {ASSET_TAGS = (); }; };
		4614211D1BC6A3720053A2D9 /* YQHomeController.m in Sources */ = {isa = PBXBuildFile; fileRef = 461421161BC6A3720053A2D9 /* YQHomeController.m */; settings = {ASSET_TAGS = (); }; };
		4614211E1BC6A3720053A2D9 /* YQSecondHomeViewController.m in Sources */ = {isa = PBXBuildFile; fileRef = 461421191BC6A3720053A2D9 /* YQSecondHomeViewController.m */; settings = {ASSET_TAGS = (); }; };
		4614212D1BC6A3930053A2D9 /* YQDetailCell.m in Sources */ = {isa = PBXBuildFile; fileRef = 461421271BC6A3930053A2D9 /* YQDetailCell.m */; settings = {ASSET_TAGS = (); }; };
		4614212E1BC6A3930053A2D9 /* YQDetailCell.xib in Resources */ = {isa = PBXBuildFile; fileRef = 461421281BC6A3930053A2D9 /* YQDetailCell.xib */; settings = {ASSET_TAGS = (); }; };
		4614212F1BC6A3930053A2D9 /* YQSeeDetailController.m in Sources */ = {isa = PBXBuildFile; fileRef = 4614212A1BC6A3930053A2D9 /* YQSeeDetailController.m */; settings = {ASSET_TAGS = (); }; };
		461421301BC6A3930053A2D9 /* YQSingleAccountDetail.m in Sources */ = {isa = PBXBuildFile; fileRef = 4614212C1BC6A3930053A2D9 /* YQSingleAccountDetail.m */; settings = {ASSET_TAGS = (); }; };
		461421341BC6A47A0053A2D9 /* YQAccount.m in Sources */ = {isa = PBXBuildFile; fileRef = 461421331BC6A47A0053A2D9 /* YQAccount.m */; settings = {ASSET_TAGS = (); }; };
		4614213D1BC6A50D0053A2D9 /* YQCompanyCell.m in Sources */ = {isa = PBXBuildFile; fileRef = 461421391BC6A50D0053A2D9 /* YQCompanyCell.m */; settings = {ASSET_TAGS = (); }; };
		4614213E1BC6A50D0053A2D9 /* YQCompanyViewController.m in Sources */ = {isa = PBXBuildFile; fileRef = 4614213B1BC6A50D0053A2D9 /* YQCompanyViewController.m */; settings = {ASSET_TAGS = (); }; };
		4614214B1BC6A6270053A2D9 /* YQInvestRecordCell.m in Sources */ = {isa = PBXBuildFile; fileRef = 461421471BC6A6270053A2D9 /* YQInvestRecordCell.m */; settings = {ASSET_TAGS = (); }; };
		4614214C1BC6A6270053A2D9 /* YQInvestRecordCell.xib in Resources */ = {isa = PBXBuildFile; fileRef = 461421481BC6A6270053A2D9 /* YQInvestRecordCell.xib */; settings = {ASSET_TAGS = (); }; };
		4614214D1BC6A6270053A2D9 /* YQInvestRecordController.m in Sources */ = {isa = PBXBuildFile; fileRef = 4614214A1BC6A6270053A2D9 /* YQInvestRecordController.m */; settings = {ASSET_TAGS = (); }; };
		461421521BC6A65B0053A2D9 /* YQEditingController.m in Sources */ = {isa = PBXBuildFile; fileRef = 461421501BC6A65B0053A2D9 /* YQEditingController.m */; settings = {ASSET_TAGS = (); }; };
		461421531BC6A65B0053A2D9 /* YQEdtingController.storyboard in Resources */ = {isa = PBXBuildFile; fileRef = 461421511BC6A65B0053A2D9 /* YQEdtingController.storyboard */; settings = {ASSET_TAGS = (); }; };
		4614215A1BC6A91E0053A2D9 /* YQRecordBaseViewController.m in Sources */ = {isa = PBXBuildFile; fileRef = 461421561BC6A91E0053A2D9 /* YQRecordBaseViewController.m */; settings = {ASSET_TAGS = (); }; };
		4614215B1BC6A91E0053A2D9 /* YQTabbarController.m in Sources */ = {isa = PBXBuildFile; fileRef = 461421581BC6A91E0053A2D9 /* YQTabbarController.m */; settings = {ASSET_TAGS = (); }; };
		4614215C1BC6A91E0053A2D9 /* YQTabbarController.xib in Resources */ = {isa = PBXBuildFile; fileRef = 461421591BC6A91E0053A2D9 /* YQTabbarController.xib */; settings = {ASSET_TAGS = (); }; };
		4614215F1BC6A93D0053A2D9 /* YQBaseNavigationController.m in Sources */ = {isa = PBXBuildFile; fileRef = 4614215E1BC6A93D0053A2D9 /* YQBaseNavigationController.m */; settings = {ASSET_TAGS = (); }; };
		461421611BC6A99B0053A2D9 /* p2pbank.plist in Resources */ = {isa = PBXBuildFile; fileRef = 461421601BC6A99B0053A2D9 /* p2pbank.plist */; settings = {ASSET_TAGS = (); }; };
		461421631BC6A9A60053A2D9 /* main.m in Sources */ = {isa = PBXBuildFile; fileRef = 461421621BC6A9A60053A2D9 /* main.m */; settings = {ASSET_TAGS = (); }; };
		461421681BC6A9B10053A2D9 /* AppDelegate.m in Sources */ = {isa = PBXBuildFile; fileRef = 461421671BC6A9B10053A2D9 /* AppDelegate.m */; settings = {ASSET_TAGS = (); }; };
		4614216B1BC6A9C90053A2D9 /* YQCompany.m in Sources */ = {isa = PBXBuildFile; fileRef = 4614216A1BC6A9C90053A2D9 /* YQCompany.m */; settings = {ASSET_TAGS = (); }; };
		4614216E1BC6AA380053A2D9 /* UILabel+showNum.m in Sources */ = {isa = PBXBuildFile; fileRef = 4614216D1BC6AA380053A2D9 /* UILabel+showNum.m */; settings = {ASSET_TAGS = (); }; };
		4614217E1BC6ADB50053A2D9 /* YQIntroCell.m in Sources */ = {isa = PBXBuildFile; fileRef = 461421721BC6ADB50053A2D9 /* YQIntroCell.m */; settings = {ASSET_TAGS = (); }; };
		4614217F1BC6ADB50053A2D9 /* YQInvestAmountCell.m in Sources */ = {isa = PBXBuildFile; fileRef = 461421741BC6ADB50053A2D9 /* YQInvestAmountCell.m */; settings = {ASSET_TAGS = (); }; };
		461421801BC6ADB50053A2D9 /* YQInvestCompanyCell.m in Sources */ = {isa = PBXBuildFile; fileRef = 461421761BC6ADB50053A2D9 /* YQInvestCompanyCell.m */; settings = {ASSET_TAGS = (); }; };
		461421811BC6ADB50053A2D9 /* YQKeepAccountController.m in Sources */ = {isa = PBXBuildFile; fileRef = 461421781BC6ADB50053A2D9 /* YQKeepAccountController.m */; settings = {ASSET_TAGS = (); }; };
		461421821BC6ADB50053A2D9 /* YQRateAndDateCell.m in Sources */ = {isa = PBXBuildFile; fileRef = 4614217A1BC6ADB50053A2D9 /* YQRateAndDateCell.m */; settings = {ASSET_TAGS = (); }; };
		461421831BC6ADB50053A2D9 /* YQRateBeginDayCell.m in Sources */ = {isa = PBXBuildFile; fileRef = 4614217C1BC6ADB50053A2D9 /* YQRateBeginDayCell.m */; settings = {ASSET_TAGS = (); }; };
		464B90331AF215C0009B559D /* Main.storyboard in Resources */ = {isa = PBXBuildFile; fileRef = 464B90311AF215C0009B559D /* Main.storyboard */; };
		464B90351AF215C0009B559D /* Images.xcassets in Resources */ = {isa = PBXBuildFile; fileRef = 464B90341AF215C0009B559D /* Images.xcassets */; };
		464B90381AF215C0009B559D /* LaunchScreen.xib in Resources */ = {isa = PBXBuildFile; fileRef = 464B90361AF215C0009B559D /* LaunchScreen.xib */; };
		464B90441AF215C0009B559D /* ____Tests.m in Sources */ = {isa = PBXBuildFile; fileRef = 464B90431AF215C0009B559D /* ____Tests.m */; };
		46F86EF11AF4AE2B00DA8DF4 /* libsqlite3.0.dylib in Frameworks */ = {isa = PBXBuildFile; fileRef = 46F86EF01AF4AE2B00DA8DF4 /* libsqlite3.0.dylib */; };
/* End PBXBuildFile section */

/* Begin PBXContainerItemProxy section */
		464B903E1AF215C0009B559D /* PBXContainerItemProxy */ = {
			isa = PBXContainerItemProxy;
			containerPortal = 464B90191AF215C0009B559D /* Project object */;
			proxyType = 1;
			remoteGlobalIDString = 464B90201AF215C0009B559D;
			remoteInfo = "记账软件";
		};
/* End PBXContainerItemProxy section */

/* Begin PBXFileReference section */
		461420941BC69A940053A2D9 /* DateTools.bundle */ = {isa = PBXFileReference; lastKnownFileType = "wrapper.plug-in"; path = DateTools.bundle; sourceTree = "<group>"; };
		461420951BC69A940053A2D9 /* DateTools.h */ = {isa = PBXFileReference; fileEncoding = 4; lastKnownFileType = sourcecode.c.h; path = DateTools.h; sourceTree = "<group>"; };
		461420961BC69A940053A2D9 /* DTConstants.h */ = {isa = PBXFileReference; fileEncoding = 4; lastKnownFileType = sourcecode.c.h; path = DTConstants.h; sourceTree = "<group>"; };
		461420971BC69A940053A2D9 /* DTError.h */ = {isa = PBXFileReference; fileEncoding = 4; lastKnownFileType = sourcecode.c.h; path = DTError.h; sourceTree = "<group>"; };
		461420981BC69A940053A2D9 /* DTError.m */ = {isa = PBXFileReference; fileEncoding = 4; lastKnownFileType = sourcecode.c.objc; path = DTError.m; sourceTree = "<group>"; };
		461420991BC69A940053A2D9 /* DTTimePeriod.h */ = {isa = PBXFileReference; fileEncoding = 4; lastKnownFileType = sourcecode.c.h; path = DTTimePeriod.h; sourceTree = "<group>"; };
		4614209A1BC69A940053A2D9 /* DTTimePeriod.m */ = {isa = PBXFileReference; fileEncoding = 4; lastKnownFileType = sourcecode.c.objc; path = DTTimePeriod.m; sourceTree = "<group>"; };
		4614209B1BC69A940053A2D9 /* DTTimePeriodChain.h */ = {isa = PBXFileReference; fileEncoding = 4; lastKnownFileType = sourcecode.c.h; path = DTTimePeriodChain.h; sourceTree = "<group>"; };
		4614209C1BC69A940053A2D9 /* DTTimePeriodChain.m */ = {isa = PBXFileReference; fileEncoding = 4; lastKnownFileType = sourcecode.c.objc; path = DTTimePeriodChain.m; sourceTree = "<group>"; };
		4614209D1BC69A940053A2D9 /* DTTimePeriodCollection.h */ = {isa = PBXFileReference; fileEncoding = 4; lastKnownFileType = sourcecode.c.h; path = DTTimePeriodCollection.h; sourceTree = "<group>"; };
		4614209E1BC69A940053A2D9 /* DTTimePeriodCollection.m */ = {isa = PBXFileReference; fileEncoding = 4; lastKnownFileType = sourcecode.c.objc; path = DTTimePeriodCollection.m; sourceTree = "<group>"; };
		4614209F1BC69A940053A2D9 /* DTTimePeriodGroup.h */ = {isa = PBXFileReference; fileEncoding = 4; lastKnownFileType = sourcecode.c.h; path = DTTimePeriodGroup.h; sourceTree = "<group>"; };
		461420A01BC69A940053A2D9 /* DTTimePeriodGroup.m */ = {isa = PBXFileReference; fileEncoding = 4; lastKnownFileType = sourcecode.c.objc; path = DTTimePeriodGroup.m; sourceTree = "<group>"; };
		461420A11BC69A940053A2D9 /* NSDate+DateTools.h */ = {isa = PBXFileReference; fileEncoding = 4; lastKnownFileType = sourcecode.c.h; path = "NSDate+DateTools.h"; sourceTree = "<group>"; };
		461420A21BC69A940053A2D9 /* NSDate+DateTools.m */ = {isa = PBXFileReference; fileEncoding = 4; lastKnownFileType = sourcecode.c.objc; path = "NSDate+DateTools.m"; sourceTree = "<group>"; };
		461420A41BC69A940053A2D9 /* FMDatabase.h */ = {isa = PBXFileReference; fileEncoding = 4; lastKnownFileType = sourcecode.c.h; path = FMDatabase.h; sourceTree = "<group>"; };
		461420A51BC69A940053A2D9 /* FMDatabase.m */ = {isa = PBXFileReference; fileEncoding = 4; lastKnownFileType = sourcecode.c.objc; path = FMDatabase.m; sourceTree = "<group>"; };
		461420A61BC69A940053A2D9 /* FMDatabaseAdditions.h */ = {isa = PBXFileReference; fileEncoding = 4; lastKnownFileType = sourcecode.c.h; path = FMDatabaseAdditions.h; sourceTree = "<group>"; };
		461420A71BC69A940053A2D9 /* FMDatabaseAdditions.m */ = {isa = PBXFileReference; fileEncoding = 4; lastKnownFileType = sourcecode.c.objc; path = FMDatabaseAdditions.m; sourceTree = "<group>"; };
		461420A81BC69A940053A2D9 /* FMDatabasePool.h */ = {isa = PBXFileReference; fileEncoding = 4; lastKnownFileType = sourcecode.c.h; path = FMDatabasePool.h; sourceTree = "<group>"; };
		461420A91BC69A940053A2D9 /* FMDatabasePool.m */ = {isa = PBXFileReference; fileEncoding = 4; lastKnownFileType = sourcecode.c.objc; path = FMDatabasePool.m; sourceTree = "<group>"; };
		461420AA1BC69A940053A2D9 /* FMDatabaseQueue.h */ = {isa = PBXFileReference; fileEncoding = 4; lastKnownFileType = sourcecode.c.h; path = FMDatabaseQueue.h; sourceTree = "<group>"; };
		461420AB1BC69A940053A2D9 /* FMDatabaseQueue.m */ = {isa = PBXFileReference; fileEncoding = 4; lastKnownFileType = sourcecode.c.objc; path = FMDatabaseQueue.m; sourceTree = "<group>"; };
		461420AC1BC69A940053A2D9 /* FMDB.h */ = {isa = PBXFileReference; fileEncoding = 4; lastKnownFileType = sourcecode.c.h; path = FMDB.h; sourceTree = "<group>"; };
		461420AD1BC69A940053A2D9 /* FMResultSet.h */ = {isa = PBXFileReference; fileEncoding = 4; lastKnownFileType = sourcecode.c.h; path = FMResultSet.h; sourceTree = "<group>"; };
		461420AE1BC69A940053A2D9 /* FMResultSet.m */ = {isa = PBXFileReference; fileEncoding = 4; lastKnownFileType = sourcecode.c.objc; path = FMResultSet.m; sourceTree = "<group>"; };
		461420B01BC69A940053A2D9 /* MJConst.h */ = {isa = PBXFileReference; fileEncoding = 4; lastKnownFileType = sourcecode.c.h; path = MJConst.h; sourceTree = "<group>"; };
		461420B11BC69A940053A2D9 /* MJConst.m */ = {isa = PBXFileReference; fileEncoding = 4; lastKnownFileType = sourcecode.c.objc; path = MJConst.m; sourceTree = "<group>"; };
		461420B21BC69A940053A2D9 /* MJExtension.h */ = {isa = PBXFileReference; fileEncoding = 4; lastKnownFileType = sourcecode.c.h; path = MJExtension.h; sourceTree = "<group>"; };
		461420B31BC69A940053A2D9 /* MJFoundation.h */ = {isa = PBXFileReference; fileEncoding = 4; lastKnownFileType = sourcecode.c.h; path = MJFoundation.h; sourceTree = "<group>"; };
		461420B41BC69A940053A2D9 /* MJFoundation.m */ = {isa = PBXFileReference; fileEncoding = 4; lastKnownFileType = sourcecode.c.objc; path = MJFoundation.m; sourceTree = "<group>"; };
		461420B51BC69A940053A2D9 /* MJProperty.h */ = {isa = PBXFileReference; fileEncoding = 4; lastKnownFileType = sourcecode.c.h; path = MJProperty.h; sourceTree = "<group>"; };
		461420B61BC69A940053A2D9 /* MJProperty.m */ = {isa = PBXFileReference; fileEncoding = 4; lastKnownFileType = sourcecode.c.objc; path = MJProperty.m; sourceTree = "<group>"; };
		461420B71BC69A940053A2D9 /* MJType.h */ = {isa = PBXFileReference; fileEncoding = 4; lastKnownFileType = sourcecode.c.h; path = MJType.h; sourceTree = "<group>"; };
		461420B81BC69A940053A2D9 /* MJType.m */ = {isa = PBXFileReference; fileEncoding = 4; lastKnownFileType = sourcecode.c.objc; path = MJType.m; sourceTree = "<group>"; };
		461420B91BC69A940053A2D9 /* NSObject+MJCoding.h */ = {isa = PBXFileReference; fileEncoding = 4; lastKnownFileType = sourcecode.c.h; path = "NSObject+MJCoding.h"; sourceTree = "<group>"; };
		461420BA1BC69A940053A2D9 /* NSObject+MJCoding.m */ = {isa = PBXFileReference; fileEncoding = 4; lastKnownFileType = sourcecode.c.objc; path = "NSObject+MJCoding.m"; sourceTree = "<group>"; };
		461420BB1BC69A940053A2D9 /* NSObject+MJKeyValue.h */ = {isa = PBXFileReference; fileEncoding = 4; lastKnownFileType = sourcecode.c.h; path = "NSObject+MJKeyValue.h"; sourceTree = "<group>"; };
		461420BC1BC69A940053A2D9 /* NSObject+MJKeyValue.m */ = {isa = PBXFileReference; fileEncoding = 4; lastKnownFileType = sourcecode.c.objc; path = "NSObject+MJKeyValue.m"; sourceTree = "<group>"; };
		461420BD1BC69A940053A2D9 /* NSObject+MJProperty.h */ = {isa = PBXFileReference; fileEncoding = 4; lastKnownFileType = sourcecode.c.h; path = "NSObject+MJProperty.h"; sourceTree = "<group>"; };
		461420BE1BC69A940053A2D9 /* NSObject+MJProperty.m */ = {isa = PBXFileReference; fileEncoding = 4; lastKnownFileType = sourcecode.c.objc; path = "NSObject+MJProperty.m"; sourceTree = "<group>"; };
		461420BF1BC69A940053A2D9 /* NSString+MJExtension.h */ = {isa = PBXFileReference; fileEncoding = 4; lastKnownFileType = sourcecode.c.h; path = "NSString+MJExtension.h"; sourceTree = "<group>"; };
		461420C01BC69A940053A2D9 /* NSString+MJExtension.m */ = {isa = PBXFileReference; fileEncoding = 4; lastKnownFileType = sourcecode.c.objc; path = "NSString+MJExtension.m"; sourceTree = "<group>"; };
		461420D71BC69C250053A2D9 /* YQEventViewController.h */ = {isa = PBXFileReference; fileEncoding = 4; lastKnownFileType = sourcecode.c.h; path = YQEventViewController.h; sourceTree = "<group>"; };
		461420D81BC69C250053A2D9 /* YQEventViewController.m */ = {isa = PBXFileReference; fileEncoding = 4; lastKnownFileType = sourcecode.c.objc; path = YQEventViewController.m; sourceTree = "<group>"; };
		461420DA1BC69C250053A2D9 /* YQPaymentViewCell.h */ = {isa = PBXFileReference; fileEncoding = 4; lastKnownFileType = sourcecode.c.h; path = YQPaymentViewCell.h; sourceTree = "<group>"; };
		461420DB1BC69C250053A2D9 /* YQPaymentViewCell.m */ = {isa = PBXFileReference; fileEncoding = 4; lastKnownFileType = sourcecode.c.objc; path = YQPaymentViewCell.m; sourceTree = "<group>"; };
		461420DF1BC69CC50053A2D9 /* YQAccountTool.h */ = {isa = PBXFileReference; fileEncoding = 4; lastKnownFileType = sourcecode.c.h; path = YQAccountTool.h; sourceTree = "<group>"; };
		461420E01BC69CC50053A2D9 /* YQAccountTool.m */ = {isa = PBXFileReference; fileEncoding = 4; lastKnownFileType = sourcecode.c.objc; path = YQAccountTool.m; sourceTree = "<group>"; };
		461420E11BC69CC50053A2D9 /* YQDataBaseManager.h */ = {isa = PBXFileReference; fileEncoding = 4; lastKnownFileType = sourcecode.c.h; path = YQDataBaseManager.h; sourceTree = "<group>"; };
		461420E21BC69CC50053A2D9 /* YQDataBaseManager.m */ = {isa = PBXFileReference; fileEncoding = 4; lastKnownFileType = sourcecode.c.objc; path = YQDataBaseManager.m; sourceTree = "<group>"; };
		461420E31BC69CC50053A2D9 /* YQDate.h */ = {isa = PBXFileReference; fileEncoding = 4; lastKnownFileType = sourcecode.c.h; path = YQDate.h; sourceTree = "<group>"; };
		461420E41BC69CC50053A2D9 /* YQDate.m */ = {isa = PBXFileReference; fileEncoding = 4; lastKnownFileType = sourcecode.c.objc; path = YQDate.m; sourceTree = "<group>"; };
		461420E51BC69CC50053A2D9 /* YQPassWordTool.h */ = {isa = PBXFileReference; fileEncoding = 4; lastKnownFileType = sourcecode.c.h; path = YQPassWordTool.h; sourceTree = "<group>"; };
		461420E61BC69CC50053A2D9 /* YQPassWordTool.m */ = {isa = PBXFileReference; fileEncoding = 4; lastKnownFileType = sourcecode.c.objc; path = YQPassWordTool.m; sourceTree = "<group>"; };
		461420EC1BC69D450053A2D9 /* YQLoginController.h */ = {isa = PBXFileReference; fileEncoding = 4; lastKnownFileType = sourcecode.c.h; path = YQLoginController.h; sourceTree = "<group>"; };
		461420ED1BC69D450053A2D9 /* YQLoginController.m */ = {isa = PBXFileReference; fileEncoding = 4; lastKnownFileType = sourcecode.c.objc; path = YQLoginController.m; sourceTree = "<group>"; };
		461420EE1BC69D450053A2D9 /* YQLoginController.xib */ = {isa = PBXFileReference; fileEncoding = 4; lastKnownFileType = file.xib; path = YQLoginController.xib; sourceTree = "<group>"; };
		461420F31BC69EE00053A2D9 /* YQMoreHeaderView.h */ = {isa = PBXFileReference; fileEncoding = 4; lastKnownFileType = sourcecode.c.h; path = YQMoreHeaderView.h; sourceTree = "<group>"; };
		461420F41BC69EE00053A2D9 /* YQMoreHeaderView.m */ = {isa = PBXFileReference; fileEncoding = 4; lastKnownFileType = sourcecode.c.objc; path = YQMoreHeaderView.m; sourceTree = "<group>"; };
		461420F51BC69EE00053A2D9 /* YQMoreHeaderView.xib */ = {isa = PBXFileReference; fileEncoding = 4; lastKnownFileType = file.xib; path = YQMoreHeaderView.xib; sourceTree = "<group>"; };
		461420F61BC69EE00053A2D9 /* YQMoreViewController.h */ = {isa = PBXFileReference; fileEncoding = 4; lastKnownFileType = sourcecode.c.h; path = YQMoreViewController.h; sourceTree = "<group>"; };
		461420F71BC69EE00053A2D9 /* YQMoreViewController.m */ = {isa = PBXFileReference; fileEncoding = 4; lastKnownFileType = sourcecode.c.objc; path = YQMoreViewController.m; sourceTree = "<group>"; };
		461420F91BC69EE00053A2D9 /* YQCircleView.h */ = {isa = PBXFileReference; fileEncoding = 4; lastKnownFileType = sourcecode.c.h; path = YQCircleView.h; sourceTree = "<group>"; };
		461420FA1BC69EE00053A2D9 /* YQCircleView.m */ = {isa = PBXFileReference; fileEncoding = 4; lastKnownFileType = sourcecode.c.objc; path = YQCircleView.m; sourceTree = "<group>"; };
		461420FB1BC69EE00053A2D9 /* YQGestureSettingViewController.h */ = {isa = PBXFileReference; fileEncoding = 4; lastKnownFileType = sourcecode.c.h; path = YQGestureSettingViewController.h; sourceTree = "<group>"; };
		461420FC1BC69EE00053A2D9 /* YQGestureSettingViewController.m */ = {isa = PBXFileReference; fileEncoding = 4; lastKnownFileType = sourcecode.c.objc; path = YQGestureSettingViewController.m; sourceTree = "<group>"; };
		461420FD1BC69EE00053A2D9 /* YQLockView.h */ = {isa = PBXFileReference; fileEncoding = 4; lastKnownFileType = sourcecode.c.h; path = YQLockView.h; sourceTree = "<group>"; };
		461420FE1BC69EE00053A2D9 /* YQLockView.m */ = {isa = PBXFileReference; fileEncoding = 4; lastKnownFileType = sourcecode.c.objc; path = YQLockView.m; sourceTree = "<group>"; };
		461420FF1BC69EE00053A2D9 /* YQLockViewController.h */ = {isa = PBXFileReference; fileEncoding = 4; lastKnownFileType = sourcecode.c.h; path = YQLockViewController.h; sourceTree = "<group>"; };
		461421001BC69EE00053A2D9 /* YQLockViewController.m */ = {isa = PBXFileReference; fileEncoding = 4; lastKnownFileType = sourcecode.c.objc; path = YQLockViewController.m; sourceTree = "<group>"; };
		461421011BC69EE00053A2D9 /* YQLockViewController.xib */ = {isa = PBXFileReference; fileEncoding = 4; lastKnownFileType = file.xib; path = YQLockViewController.xib; sourceTree = "<group>"; };
		461421031BC69EE00053A2D9 /* YQNoticeTimeController.h */ = {isa = PBXFileReference; fileEncoding = 4; lastKnownFileType = sourcecode.c.h; path = YQNoticeTimeController.h; sourceTree = "<group>"; };
		461421041BC69EE00053A2D9 /* YQNoticeTimeController.m */ = {isa = PBXFileReference; fileEncoding = 4; lastKnownFileType = sourcecode.c.objc; path = YQNoticeTimeController.m; sourceTree = "<group>"; };
		461421101BC6A3710053A2D9 /* CompanyAccount.h */ = {isa = PBXFileReference; fileEncoding = 4; lastKnownFileType = sourcecode.c.h; path = CompanyAccount.h; sourceTree = "<group>"; };
		461421111BC6A3710053A2D9 /* CompanyAccount.m */ = {isa = PBXFileReference; fileEncoding = 4; lastKnownFileType = sourcecode.c.objc; path = CompanyAccount.m; sourceTree = "<group>"; };
		461421121BC6A3710053A2D9 /* YQHomeCell.h */ = {isa = PBXFileReference; fileEncoding = 4; lastKnownFileType = sourcecode.c.h; path = YQHomeCell.h; sourceTree = "<group>"; };
		461421131BC6A3720053A2D9 /* YQHomeCell.m */ = {isa = PBXFileReference; fileEncoding = 4; lastKnownFileType = sourcecode.c.objc; path = YQHomeCell.m; sourceTree = "<group>"; };
		461421141BC6A3720053A2D9 /* YQHomeCell.xib */ = {isa = PBXFileReference; fileEncoding = 4; lastKnownFileType = file.xib; path = YQHomeCell.xib; sourceTree = "<group>"; };
		461421151BC6A3720053A2D9 /* YQHomeController.h */ = {isa = PBXFileReference; fileEncoding = 4; lastKnownFileType = sourcecode.c.h; path = YQHomeController.h; sourceTree = "<group>"; };
		461421161BC6A3720053A2D9 /* YQHomeController.m */ = {isa = PBXFileReference; fileEncoding = 4; lastKnownFileType = sourcecode.c.objc; path = YQHomeController.m; sourceTree = "<group>"; };
		461421181BC6A3720053A2D9 /* YQSecondHomeViewController.h */ = {isa = PBXFileReference; fileEncoding = 4; lastKnownFileType = sourcecode.c.h; path = YQSecondHomeViewController.h; sourceTree = "<group>"; };
		461421191BC6A3720053A2D9 /* YQSecondHomeViewController.m */ = {isa = PBXFileReference; fileEncoding = 4; lastKnownFileType = sourcecode.c.objc; path = YQSecondHomeViewController.m; sourceTree = "<group>"; };
		461421261BC6A3930053A2D9 /* YQDetailCell.h */ = {isa = PBXFileReference; fileEncoding = 4; lastKnownFileType = sourcecode.c.h; path = YQDetailCell.h; sourceTree = "<group>"; };
		461421271BC6A3930053A2D9 /* YQDetailCell.m */ = {isa = PBXFileReference; fileEncoding = 4; lastKnownFileType = sourcecode.c.objc; path = YQDetailCell.m; sourceTree = "<group>"; };
		461421281BC6A3930053A2D9 /* YQDetailCell.xib */ = {isa = PBXFileReference; fileEncoding = 4; lastKnownFileType = file.xib; path = YQDetailCell.xib; sourceTree = "<group>"; };
		461421291BC6A3930053A2D9 /* YQSeeDetailController.h */ = {isa = PBXFileReference; fileEncoding = 4; lastKnownFileType = sourcecode.c.h; path = YQSeeDetailController.h; sourceTree = "<group>"; };
		4614212A1BC6A3930053A2D9 /* YQSeeDetailController.m */ = {isa = PBXFileReference; fileEncoding = 4; lastKnownFileType = sourcecode.c.objc; path = YQSeeDetailController.m; sourceTree = "<group>"; };
		4614212B1BC6A3930053A2D9 /* YQSingleAccountDetail.h */ = {isa = PBXFileReference; fileEncoding = 4; lastKnownFileType = sourcecode.c.h; path = YQSingleAccountDetail.h; sourceTree = "<group>"; };
		4614212C1BC6A3930053A2D9 /* YQSingleAccountDetail.m */ = {isa = PBXFileReference; fileEncoding = 4; lastKnownFileType = sourcecode.c.objc; path = YQSingleAccountDetail.m; sourceTree = "<group>"; };
		461421321BC6A47A0053A2D9 /* YQAccount.h */ = {isa = PBXFileReference; fileEncoding = 4; lastKnownFileType = sourcecode.c.h; path = YQAccount.h; sourceTree = "<group>"; };
		461421331BC6A47A0053A2D9 /* YQAccount.m */ = {isa = PBXFileReference; fileEncoding = 4; lastKnownFileType = sourcecode.c.objc; path = YQAccount.m; sourceTree = "<group>"; };
		461421381BC6A50D0053A2D9 /* YQCompanyCell.h */ = {isa = PBXFileReference; fileEncoding = 4; lastKnownFileType = sourcecode.c.h; path = YQCompanyCell.h; sourceTree = "<group>"; };
		461421391BC6A50D0053A2D9 /* YQCompanyCell.m */ = {isa = PBXFileReference; fileEncoding = 4; lastKnownFileType = sourcecode.c.objc; path = YQCompanyCell.m; sourceTree = "<group>"; };
		4614213A1BC6A50D0053A2D9 /* YQCompanyViewController.h */ = {isa = PBXFileReference; fileEncoding = 4; lastKnownFileType = sourcecode.c.h; path = YQCompanyViewController.h; sourceTree = "<group>"; };
		4614213B1BC6A50D0053A2D9 /* YQCompanyViewController.m */ = {isa = PBXFileReference; fileEncoding = 4; lastKnownFileType = sourcecode.c.objc; path = YQCompanyViewController.m; sourceTree = "<group>"; };
		461421461BC6A6270053A2D9 /* YQInvestRecordCell.h */ = {isa = PBXFileReference; fileEncoding = 4; lastKnownFileType = sourcecode.c.h; path = YQInvestRecordCell.h; sourceTree = "<group>"; };
		461421471BC6A6270053A2D9 /* YQInvestRecordCell.m */ = {isa = PBXFileReference; fileEncoding = 4; lastKnownFileType = sourcecode.c.objc; path = YQInvestRecordCell.m; sourceTree = "<group>"; };
		461421481BC6A6270053A2D9 /* YQInvestRecordCell.xib */ = {isa = PBXFileReference; fileEncoding = 4; lastKnownFileType = file.xib; path = YQInvestRecordCell.xib; sourceTree = "<group>"; };
		461421491BC6A6270053A2D9 /* YQInvestRecordController.h */ = {isa = PBXFileReference; fileEncoding = 4; lastKnownFileType = sourcecode.c.h; path = YQInvestRecordController.h; sourceTree = "<group>"; };
		4614214A1BC6A6270053A2D9 /* YQInvestRecordController.m */ = {isa = PBXFileReference; fileEncoding = 4; lastKnownFileType = sourcecode.c.objc; path = YQInvestRecordController.m; sourceTree = "<group>"; };
		4614214F1BC6A65B0053A2D9 /* YQEditingController.h */ = {isa = PBXFileReference; fileEncoding = 4; lastKnownFileType = sourcecode.c.h; path = YQEditingController.h; sourceTree = "<group>"; };
		461421501BC6A65B0053A2D9 /* YQEditingController.m */ = {isa = PBXFileReference; fileEncoding = 4; lastKnownFileType = sourcecode.c.objc; path = YQEditingController.m; sourceTree = "<group>"; };
		461421511BC6A65B0053A2D9 /* YQEdtingController.storyboard */ = {isa = PBXFileReference; fileEncoding = 4; lastKnownFileType = file.storyboard; path = YQEdtingController.storyboard; sourceTree = "<group>"; };
		461421551BC6A91E0053A2D9 /* YQRecordBaseViewController.h */ = {isa = PBXFileReference; fileEncoding = 4; lastKnownFileType = sourcecode.c.h; path = YQRecordBaseViewController.h; sourceTree = "<group>"; };
		461421561BC6A91E0053A2D9 /* YQRecordBaseViewController.m */ = {isa = PBXFileReference; fileEncoding = 4; lastKnownFileType = sourcecode.c.objc; path = YQRecordBaseViewController.m; sourceTree = "<group>"; };
		461421571BC6A91E0053A2D9 /* YQTabbarController.h */ = {isa = PBXFileReference; fileEncoding = 4; lastKnownFileType = sourcecode.c.h; path = YQTabbarController.h; sourceTree = "<group>"; };
		461421581BC6A91E0053A2D9 /* YQTabbarController.m */ = {isa = PBXFileReference; fileEncoding = 4; lastKnownFileType = sourcecode.c.objc; path = YQTabbarController.m; sourceTree = "<group>"; };
		461421591BC6A91E0053A2D9 /* YQTabbarController.xib */ = {isa = PBXFileReference; fileEncoding = 4; lastKnownFileType = file.xib; path = YQTabbarController.xib; sourceTree = "<group>"; };
		4614215D1BC6A93D0053A2D9 /* YQBaseNavigationController.h */ = {isa = PBXFileReference; fileEncoding = 4; lastKnownFileType = sourcecode.c.h; path = YQBaseNavigationController.h; sourceTree = "<group>"; };
		4614215E1BC6A93D0053A2D9 /* YQBaseNavigationController.m */ = {isa = PBXFileReference; fileEncoding = 4; lastKnownFileType = sourcecode.c.objc; path = YQBaseNavigationController.m; sourceTree = "<group>"; };
		461421601BC6A99B0053A2D9 /* p2pbank.plist */ = {isa = PBXFileReference; fileEncoding = 4; lastKnownFileType = text.plist.xml; path = p2pbank.plist; sourceTree = "<group>"; };
		461421621BC6A9A60053A2D9 /* main.m */ = {isa = PBXFileReference; fileEncoding = 4; lastKnownFileType = sourcecode.c.objc; path = main.m; sourceTree = "<group>"; };
		461421641BC6A9AA0053A2D9 /* Info.plist */ = {isa = PBXFileReference; fileEncoding = 4; lastKnownFileType = text.plist.xml; path = Info.plist; sourceTree = "<group>"; };
		461421661BC6A9B10053A2D9 /* AppDelegate.h */ = {isa = PBXFileReference; fileEncoding = 4; lastKnownFileType = sourcecode.c.h; name = AppDelegate.h; path = "记账软件/AppDelegate.h"; sourceTree = "<group>"; };
		461421671BC6A9B10053A2D9 /* AppDelegate.m */ = {isa = PBXFileReference; fileEncoding = 4; lastKnownFileType = sourcecode.c.objc; name = AppDelegate.m; path = "记账软件/AppDelegate.m"; sourceTree = "<group>"; };
		461421691BC6A9C90053A2D9 /* YQCompany.h */ = {isa = PBXFileReference; fileEncoding = 4; lastKnownFileType = sourcecode.c.h; path = YQCompany.h; sourceTree = "<group>"; };
		4614216A1BC6A9C90053A2D9 /* YQCompany.m */ = {isa = PBXFileReference; fileEncoding = 4; lastKnownFileType = sourcecode.c.objc; path = YQCompany.m; sourceTree = "<group>"; };
		4614216C1BC6AA380053A2D9 /* UILabel+showNum.h */ = {isa = PBXFileReference; fileEncoding = 4; lastKnownFileType = sourcecode.c.h; path = "UILabel+showNum.h"; sourceTree = "<group>"; };
		4614216D1BC6AA380053A2D9 /* UILabel+showNum.m */ = {isa = PBXFileReference; fileEncoding = 4; lastKnownFileType = sourcecode.c.objc; path = "UILabel+showNum.m"; sourceTree = "<group>"; };
		461421711BC6ADB50053A2D9 /* YQIntroCell.h */ = {isa = PBXFileReference; fileEncoding = 4; lastKnownFileType = sourcecode.c.h; path = YQIntroCell.h; sourceTree = "<group>"; };
		461421721BC6ADB50053A2D9 /* YQIntroCell.m */ = {isa = PBXFileReference; fileEncoding = 4; lastKnownFileType = sourcecode.c.objc; path = YQIntroCell.m; sourceTree = "<group>"; };
		461421731BC6ADB50053A2D9 /* YQInvestAmountCell.h */ = {isa = PBXFileReference; fileEncoding = 4; lastKnownFileType = sourcecode.c.h; path = YQInvestAmountCell.h; sourceTree = "<group>"; };
		461421741BC6ADB50053A2D9 /* YQInvestAmountCell.m */ = {isa = PBXFileReference; fileEncoding = 4; lastKnownFileType = sourcecode.c.objc; path = YQInvestAmountCell.m; sourceTree = "<group>"; };
		461421751BC6ADB50053A2D9 /* YQInvestCompanyCell.h */ = {isa = PBXFileReference; fileEncoding = 4; lastKnownFileType = sourcecode.c.h; path = YQInvestCompanyCell.h; sourceTree = "<group>"; };
		461421761BC6ADB50053A2D9 /* YQInvestCompanyCell.m */ = {isa = PBXFileReference; fileEncoding = 4; lastKnownFileType = sourcecode.c.objc; path = YQInvestCompanyCell.m; sourceTree = "<group>"; };
		461421771BC6ADB50053A2D9 /* YQKeepAccountController.h */ = {isa = PBXFileReference; fileEncoding = 4; lastKnownFileType = sourcecode.c.h; path = YQKeepAccountController.h; sourceTree = "<group>"; };
		461421781BC6ADB50053A2D9 /* YQKeepAccountController.m */ = {isa = PBXFileReference; fileEncoding = 4; lastKnownFileType = sourcecode.c.objc; path = YQKeepAccountController.m; sourceTree = "<group>"; };
		461421791BC6ADB50053A2D9 /* YQRateAndDateCell.h */ = {isa = PBXFileReference; fileEncoding = 4; lastKnownFileType = sourcecode.c.h; path = YQRateAndDateCell.h; sourceTree = "<group>"; };
		4614217A1BC6ADB50053A2D9 /* YQRateAndDateCell.m */ = {isa = PBXFileReference; fileEncoding = 4; lastKnownFileType = sourcecode.c.objc; path = YQRateAndDateCell.m; sourceTree = "<group>"; };
		4614217B1BC6ADB50053A2D9 /* YQRateBeginDayCell.h */ = {isa = PBXFileReference; fileEncoding = 4; lastKnownFileType = sourcecode.c.h; path = YQRateBeginDayCell.h; sourceTree = "<group>"; };
		4614217C1BC6ADB50053A2D9 /* YQRateBeginDayCell.m */ = {isa = PBXFileReference; fileEncoding = 4; lastKnownFileType = sourcecode.c.objc; path = YQRateBeginDayCell.m; sourceTree = "<group>"; };
		4614217D1BC6ADB50053A2D9 /* YQRatePatternCell.h */ = {isa = PBXFileReference; fileEncoding = 4; lastKnownFileType = sourcecode.c.h; path = YQRatePatternCell.h; sourceTree = "<group>"; };
		464B90211AF215C0009B559D /* 记账软件.app */ = {isa = PBXFileReference; explicitFileType = wrapper.application; includeInIndex = 0; path = "记账软件.app"; sourceTree = BUILT_PRODUCTS_DIR; };
		464B90251AF215C0009B559D /* Info.plist */ = {isa = PBXFileReference; lastKnownFileType = text.plist.xml; path = Info.plist; sourceTree = "<group>"; };
		464B90321AF215C0009B559D /* Base */ = {isa = PBXFileReference; lastKnownFileType = file.storyboard; name = Base; path = Base.lproj/Main.storyboard; sourceTree = "<group>"; };
		464B90341AF215C0009B559D /* Images.xcassets */ = {isa = PBXFileReference; lastKnownFileType = folder.assetcatalog; path = Images.xcassets; sourceTree = "<group>"; };
		464B90371AF215C0009B559D /* Base */ = {isa = PBXFileReference; lastKnownFileType = file.xib; name = Base; path = Base.lproj/LaunchScreen.xib; sourceTree = "<group>"; };
		464B903D1AF215C0009B559D /* 记账软件Tests.xctest */ = {isa = PBXFileReference; explicitFileType = wrapper.cfbundle; includeInIndex = 0; path = "记账软件Tests.xctest"; sourceTree = BUILT_PRODUCTS_DIR; };
		464B90421AF215C0009B559D /* Info.plist */ = {isa = PBXFileReference; lastKnownFileType = text.plist.xml; path = Info.plist; sourceTree = "<group>"; };
		464B90431AF215C0009B559D /* ____Tests.m */ = {isa = PBXFileReference; lastKnownFileType = sourcecode.c.objc; path = "____Tests.m"; sourceTree = "<group>"; };
		4663CEE21AF7DFEB008B074C /* zh-Hans */ = {isa = PBXFileReference; lastKnownFileType = text.plist.strings; name = "zh-Hans"; path = "zh-Hans.lproj/Main.strings"; sourceTree = "<group>"; };
		4663CEE31AF7DFEB008B074C /* zh-Hans */ = {isa = PBXFileReference; lastKnownFileType = text.plist.strings; name = "zh-Hans"; path = "zh-Hans.lproj/LaunchScreen.strings"; sourceTree = "<group>"; };
		46F86EF01AF4AE2B00DA8DF4 /* libsqlite3.0.dylib */ = {isa = PBXFileReference; lastKnownFileType = "compiled.mach-o.dylib"; name = libsqlite3.0.dylib; path = usr/lib/libsqlite3.0.dylib; sourceTree = SDKROOT; };
/* End PBXFileReference section */

/* Begin PBXFrameworksBuildPhase section */
		464B901E1AF215C0009B559D /* Frameworks */ = {
			isa = PBXFrameworksBuildPhase;
			buildActionMask = 2147483647;
			files = (
				46F86EF11AF4AE2B00DA8DF4 /* libsqlite3.0.dylib in Frameworks */,
			);
			runOnlyForDeploymentPostprocessing = 0;
		};
		464B903A1AF215C0009B559D /* Frameworks */ = {
			isa = PBXFrameworksBuildPhase;
			buildActionMask = 2147483647;
			files = (
			);
			runOnlyForDeploymentPostprocessing = 0;
		};
/* End PBXFrameworksBuildPhase section */

/* Begin PBXGroup section */
		461420921BC69A340053A2D9 /* ThirdParty */ = {
			isa = PBXGroup;
			children = (
				461420931BC69A940053A2D9 /* DateTools */,
				461420A31BC69A940053A2D9 /* fmdb */,
				461420AF1BC69A940053A2D9 /* MJExtension */,
			);
			path = ThirdParty;
			sourceTree = "<group>";
		};
		461420931BC69A940053A2D9 /* DateTools */ = {
			isa = PBXGroup;
			children = (
				461420941BC69A940053A2D9 /* DateTools.bundle */,
				461420951BC69A940053A2D9 /* DateTools.h */,
				461420961BC69A940053A2D9 /* DTConstants.h */,
				461420971BC69A940053A2D9 /* DTError.h */,
				461420981BC69A940053A2D9 /* DTError.m */,
				461420991BC69A940053A2D9 /* DTTimePeriod.h */,
				4614209A1BC69A940053A2D9 /* DTTimePeriod.m */,
				4614209B1BC69A940053A2D9 /* DTTimePeriodChain.h */,
				4614209C1BC69A940053A2D9 /* DTTimePeriodChain.m */,
				4614209D1BC69A940053A2D9 /* DTTimePeriodCollection.h */,
				4614209E1BC69A940053A2D9 /* DTTimePeriodCollection.m */,
				4614209F1BC69A940053A2D9 /* DTTimePeriodGroup.h */,
				461420A01BC69A940053A2D9 /* DTTimePeriodGroup.m */,
				461420A11BC69A940053A2D9 /* NSDate+DateTools.h */,
				461420A21BC69A940053A2D9 /* NSDate+DateTools.m */,
			);
			path = DateTools;
			sourceTree = "<group>";
		};
		461420A31BC69A940053A2D9 /* fmdb */ = {
			isa = PBXGroup;
			children = (
				461420A41BC69A940053A2D9 /* FMDatabase.h */,
				461420A51BC69A940053A2D9 /* FMDatabase.m */,
				461420A61BC69A940053A2D9 /* FMDatabaseAdditions.h */,
				461420A71BC69A940053A2D9 /* FMDatabaseAdditions.m */,
				461420A81BC69A940053A2D9 /* FMDatabasePool.h */,
				461420A91BC69A940053A2D9 /* FMDatabasePool.m */,
				461420AA1BC69A940053A2D9 /* FMDatabaseQueue.h */,
				461420AB1BC69A940053A2D9 /* FMDatabaseQueue.m */,
				461420AC1BC69A940053A2D9 /* FMDB.h */,
				461420AD1BC69A940053A2D9 /* FMResultSet.h */,
				461420AE1BC69A940053A2D9 /* FMResultSet.m */,
			);
			path = fmdb;
			sourceTree = "<group>";
		};
		461420AF1BC69A940053A2D9 /* MJExtension */ = {
			isa = PBXGroup;
			children = (
				461420B01BC69A940053A2D9 /* MJConst.h */,
				461420B11BC69A940053A2D9 /* MJConst.m */,
				461420B21BC69A940053A2D9 /* MJExtension.h */,
				461420B31BC69A940053A2D9 /* MJFoundation.h */,
				461420B41BC69A940053A2D9 /* MJFoundation.m */,
				461420B51BC69A940053A2D9 /* MJProperty.h */,
				461420B61BC69A940053A2D9 /* MJProperty.m */,
				461420B71BC69A940053A2D9 /* MJType.h */,
				461420B81BC69A940053A2D9 /* MJType.m */,
				461420B91BC69A940053A2D9 /* NSObject+MJCoding.h */,
				461420BA1BC69A940053A2D9 /* NSObject+MJCoding.m */,
				461420BB1BC69A940053A2D9 /* NSObject+MJKeyValue.h */,
				461420BC1BC69A940053A2D9 /* NSObject+MJKeyValue.m */,
				461420BD1BC69A940053A2D9 /* NSObject+MJProperty.h */,
				461420BE1BC69A940053A2D9 /* NSObject+MJProperty.m */,
				461420BF1BC69A940053A2D9 /* NSString+MJExtension.h */,
				461420C01BC69A940053A2D9 /* NSString+MJExtension.m */,
			);
			path = MJExtension;
			sourceTree = "<group>";
		};
		461420D51BC69C250053A2D9 /* Event */ = {
			isa = PBXGroup;
			children = (
				461420D61BC69C250053A2D9 /* Controller */,
				461420D91BC69C250053A2D9 /* View */,
			);
			path = Event;
			sourceTree = "<group>";
		};
		461420D61BC69C250053A2D9 /* Controller */ = {
			isa = PBXGroup;
			children = (
				461420D71BC69C250053A2D9 /* YQEventViewController.h */,
				461420D81BC69C250053A2D9 /* YQEventViewController.m */,
			);
			path = Controller;
			sourceTree = "<group>";
		};
		461420D91BC69C250053A2D9 /* View */ = {
			isa = PBXGroup;
			children = (
				461420DA1BC69C250053A2D9 /* YQPaymentViewCell.h */,
				461420DB1BC69C250053A2D9 /* YQPaymentViewCell.m */,
			);
			path = View;
			sourceTree = "<group>";
		};
		461420DE1BC69CC50053A2D9 /* Tool */ = {
			isa = PBXGroup;
			children = (
				4614216C1BC6AA380053A2D9 /* UILabel+showNum.h */,
				4614216D1BC6AA380053A2D9 /* UILabel+showNum.m */,
				461420DF1BC69CC50053A2D9 /* YQAccountTool.h */,
				461420E01BC69CC50053A2D9 /* YQAccountTool.m */,
				461420E11BC69CC50053A2D9 /* YQDataBaseManager.h */,
				461420E21BC69CC50053A2D9 /* YQDataBaseManager.m */,
				461420E31BC69CC50053A2D9 /* YQDate.h */,
				461420E41BC69CC50053A2D9 /* YQDate.m */,
				461420E51BC69CC50053A2D9 /* YQPassWordTool.h */,
				461420E61BC69CC50053A2D9 /* YQPassWordTool.m */,
			);
			path = Tool;
			sourceTree = "<group>";
		};
		461420EB1BC69D450053A2D9 /* Login */ = {
			isa = PBXGroup;
			children = (
				461420EC1BC69D450053A2D9 /* YQLoginController.h */,
				461420ED1BC69D450053A2D9 /* YQLoginController.m */,
				461420EE1BC69D450053A2D9 /* YQLoginController.xib */,
			);
			path = Login;
			sourceTree = "<group>";
		};
		461420F11BC69EE00053A2D9 /* More */ = {
			isa = PBXGroup;
			children = (
				461420F21BC69EE00053A2D9 /* Controller */,
				461420F81BC69EE00053A2D9 /* GestureLock */,
				461421021BC69EE00053A2D9 /* LocalNotice */,
			);
			path = More;
			sourceTree = "<group>";
		};
		461420F21BC69EE00053A2D9 /* Controller */ = {
			isa = PBXGroup;
			children = (
				461420F31BC69EE00053A2D9 /* YQMoreHeaderView.h */,
				461420F41BC69EE00053A2D9 /* YQMoreHeaderView.m */,
				461420F51BC69EE00053A2D9 /* YQMoreHeaderView.xib */,
				461420F61BC69EE00053A2D9 /* YQMoreViewController.h */,
				461420F71BC69EE00053A2D9 /* YQMoreViewController.m */,
			);
			path = Controller;
			sourceTree = "<group>";
		};
		461420F81BC69EE00053A2D9 /* GestureLock */ = {
			isa = PBXGroup;
			children = (
				461420F91BC69EE00053A2D9 /* YQCircleView.h */,
				461420FA1BC69EE00053A2D9 /* YQCircleView.m */,
				461420FB1BC69EE00053A2D9 /* YQGestureSettingViewController.h */,
				461420FC1BC69EE00053A2D9 /* YQGestureSettingViewController.m */,
				461420FD1BC69EE00053A2D9 /* YQLockView.h */,
				461420FE1BC69EE00053A2D9 /* YQLockView.m */,
				461420FF1BC69EE00053A2D9 /* YQLockViewController.h */,
				461421001BC69EE00053A2D9 /* YQLockViewController.m */,
				461421011BC69EE00053A2D9 /* YQLockViewController.xib */,
			);
			path = GestureLock;
			sourceTree = "<group>";
		};
		461421021BC69EE00053A2D9 /* LocalNotice */ = {
			isa = PBXGroup;
			children = (
				461421031BC69EE00053A2D9 /* YQNoticeTimeController.h */,
				461421041BC69EE00053A2D9 /* YQNoticeTimeController.m */,
			);
			path = LocalNotice;
			sourceTree = "<group>";
		};
		4614210E1BC6A3710053A2D9 /* Home */ = {
			isa = PBXGroup;
			children = (
				4614210F1BC6A3710053A2D9 /* First */,
				461421171BC6A3720053A2D9 /* second */,
			);
			path = Home;
			sourceTree = "<group>";
		};
		4614210F1BC6A3710053A2D9 /* First */ = {
			isa = PBXGroup;
			children = (
				461421101BC6A3710053A2D9 /* CompanyAccount.h */,
				461421111BC6A3710053A2D9 /* CompanyAccount.m */,
				461421121BC6A3710053A2D9 /* YQHomeCell.h */,
				461421131BC6A3720053A2D9 /* YQHomeCell.m */,
				461421141BC6A3720053A2D9 /* YQHomeCell.xib */,
				461421151BC6A3720053A2D9 /* YQHomeController.h */,
				461421161BC6A3720053A2D9 /* YQHomeController.m */,
			);
			path = First;
			sourceTree = "<group>";
		};
		461421171BC6A3720053A2D9 /* second */ = {
			isa = PBXGroup;
			children = (
				461421181BC6A3720053A2D9 /* YQSecondHomeViewController.h */,
				461421191BC6A3720053A2D9 /* YQSecondHomeViewController.m */,
			);
			path = second;
			sourceTree = "<group>";
		};
		461421251BC6A3930053A2D9 /* detail */ = {
			isa = PBXGroup;
			children = (
				461421261BC6A3930053A2D9 /* YQDetailCell.h */,
				461421271BC6A3930053A2D9 /* YQDetailCell.m */,
				461421281BC6A3930053A2D9 /* YQDetailCell.xib */,
				461421291BC6A3930053A2D9 /* YQSeeDetailController.h */,
				4614212A1BC6A3930053A2D9 /* YQSeeDetailController.m */,
				4614212B1BC6A3930053A2D9 /* YQSingleAccountDetail.h */,
				4614212C1BC6A3930053A2D9 /* YQSingleAccountDetail.m */,
			);
			path = detail;
			sourceTree = "<group>";
		};
		461421311BC6A47A0053A2D9 /* Model */ = {
			isa = PBXGroup;
			children = (
				461421321BC6A47A0053A2D9 /* YQAccount.h */,
				461421331BC6A47A0053A2D9 /* YQAccount.m */,
				461421691BC6A9C90053A2D9 /* YQCompany.h */,
				4614216A1BC6A9C90053A2D9 /* YQCompany.m */,
			);
			path = Model;
			sourceTree = "<group>";
		};
		461421351BC6A50D0053A2D9 /* KeepAccount */ = {
			isa = PBXGroup;
			children = (
				461421381BC6A50D0053A2D9 /* YQCompanyCell.h */,
				461421391BC6A50D0053A2D9 /* YQCompanyCell.m */,
				4614213A1BC6A50D0053A2D9 /* YQCompanyViewController.h */,
				4614213B1BC6A50D0053A2D9 /* YQCompanyViewController.m */,
			);
			path = KeepAccount;
			sourceTree = "<group>";
		};
		461421451BC6A6270053A2D9 /* InvestRecord */ = {
			isa = PBXGroup;
			children = (
				461421461BC6A6270053A2D9 /* YQInvestRecordCell.h */,
				461421471BC6A6270053A2D9 /* YQInvestRecordCell.m */,
				461421481BC6A6270053A2D9 /* YQInvestRecordCell.xib */,
				461421491BC6A6270053A2D9 /* YQInvestRecordController.h */,
				4614214A1BC6A6270053A2D9 /* YQInvestRecordController.m */,
			);
			path = InvestRecord;
			sourceTree = "<group>";
		};
		4614214E1BC6A65B0053A2D9 /* Edit */ = {
			isa = PBXGroup;
			children = (
				4614214F1BC6A65B0053A2D9 /* YQEditingController.h */,
				461421501BC6A65B0053A2D9 /* YQEditingController.m */,
				461421511BC6A65B0053A2D9 /* YQEdtingController.storyboard */,
				461421711BC6ADB50053A2D9 /* YQIntroCell.h */,
				461421721BC6ADB50053A2D9 /* YQIntroCell.m */,
				461421731BC6ADB50053A2D9 /* YQInvestAmountCell.h */,
				461421741BC6ADB50053A2D9 /* YQInvestAmountCell.m */,
				461421751BC6ADB50053A2D9 /* YQInvestCompanyCell.h */,
				461421761BC6ADB50053A2D9 /* YQInvestCompanyCell.m */,
				461421771BC6ADB50053A2D9 /* YQKeepAccountController.h */,
				461421781BC6ADB50053A2D9 /* YQKeepAccountController.m */,
				461421791BC6ADB50053A2D9 /* YQRateAndDateCell.h */,
				4614217A1BC6ADB50053A2D9 /* YQRateAndDateCell.m */,
				4614217B1BC6ADB50053A2D9 /* YQRateBeginDayCell.h */,
				4614217C1BC6ADB50053A2D9 /* YQRateBeginDayCell.m */,
				4614217D1BC6ADB50053A2D9 /* YQRatePatternCell.h */,
			);
			path = Edit;
			sourceTree = "<group>";
		};
		461421541BC6A91E0053A2D9 /* Base */ = {
			isa = PBXGroup;
			children = (
				4614215D1BC6A93D0053A2D9 /* YQBaseNavigationController.h */,
				4614215E1BC6A93D0053A2D9 /* YQBaseNavigationController.m */,
				461421551BC6A91E0053A2D9 /* YQRecordBaseViewController.h */,
				461421561BC6A91E0053A2D9 /* YQRecordBaseViewController.m */,
				461421571BC6A91E0053A2D9 /* YQTabbarController.h */,
				461421581BC6A91E0053A2D9 /* YQTabbarController.m */,
				461421591BC6A91E0053A2D9 /* YQTabbarController.xib */,
			);
			path = Base;
			sourceTree = "<group>";
		};
		464B90181AF215C0009B559D = {
			isa = PBXGroup;
			children = (
				46F86EF01AF4AE2B00DA8DF4 /* libsqlite3.0.dylib */,
				464B90311AF215C0009B559D /* Main.storyboard */,
				461421661BC6A9B10053A2D9 /* AppDelegate.h */,
				461421671BC6A9B10053A2D9 /* AppDelegate.m */,
				464B90231AF215C0009B559D /* 记账软件 */,
				464B90401AF215C0009B559D /* 记账软件Tests */,
				464B90221AF215C0009B559D /* Products */,
			);
			sourceTree = "<group>";
		};
		464B90221AF215C0009B559D /* Products */ = {
			isa = PBXGroup;
			children = (
				464B90211AF215C0009B559D /* 记账软件.app */,
				464B903D1AF215C0009B559D /* 记账软件Tests.xctest */,
			);
			name = Products;
			sourceTree = "<group>";
		};
		464B90231AF215C0009B559D /* 记账软件 */ = {
			isa = PBXGroup;
			children = (
				461421541BC6A91E0053A2D9 /* Base */,
				4614214E1BC6A65B0053A2D9 /* Edit */,
				461421451BC6A6270053A2D9 /* InvestRecord */,
				461421351BC6A50D0053A2D9 /* KeepAccount */,
				461421311BC6A47A0053A2D9 /* Model */,
				461421251BC6A3930053A2D9 /* detail */,
				4614210E1BC6A3710053A2D9 /* Home */,
				461420F11BC69EE00053A2D9 /* More */,
				461420EB1BC69D450053A2D9 /* Login */,
				461420DE1BC69CC50053A2D9 /* Tool */,
				461420D51BC69C250053A2D9 /* Event */,
				461420921BC69A340053A2D9 /* ThirdParty */,
				464B90241AF215C0009B559D /* Supporting Files */,
			);
			path = "记账软件";
			sourceTree = "<group>";
		};
		464B90241AF215C0009B559D /* Supporting Files */ = {
			isa = PBXGroup;
			children = (
				464B90361AF215C0009B559D /* LaunchScreen.xib */,
				461421621BC6A9A60053A2D9 /* main.m */,
				461421641BC6A9AA0053A2D9 /* Info.plist */,
				461421601BC6A99B0053A2D9 /* p2pbank.plist */,
				464B90341AF215C0009B559D /* Images.xcassets */,
				464B90251AF215C0009B559D /* Info.plist */,
			);
			name = "Supporting Files";
			sourceTree = "<group>";
		};
		464B90401AF215C0009B559D /* 记账软件Tests */ = {
			isa = PBXGroup;
			children = (
				464B90431AF215C0009B559D /* ____Tests.m */,
				464B90411AF215C0009B559D /* Supporting Files */,
			);
			path = "记账软件Tests";
			sourceTree = "<group>";
		};
		464B90411AF215C0009B559D /* Supporting Files */ = {
			isa = PBXGroup;
			children = (
				464B90421AF215C0009B559D /* Info.plist */,
			);
			name = "Supporting Files";
			sourceTree = "<group>";
		};
/* End PBXGroup section */

/* Begin PBXNativeTarget section */
		464B90201AF215C0009B559D /* 记账软件 */ = {
			isa = PBXNativeTarget;
			buildConfigurationList = 464B90471AF215C0009B559D /* Build configuration list for PBXNativeTarget "记账软件" */;
			buildPhases = (
				464B901D1AF215C0009B559D /* Sources */,
				464B901E1AF215C0009B559D /* Frameworks */,
				464B901F1AF215C0009B559D /* Resources */,
			);
			buildRules = (
			);
			dependencies = (
			);
			name = "记账软件";
			productName = "记账软件";
			productReference = 464B90211AF215C0009B559D /* 记账软件.app */;
			productType = "com.apple.product-type.application";
		};
		464B903C1AF215C0009B559D /* 记账软件Tests */ = {
			isa = PBXNativeTarget;
			buildConfigurationList = 464B904A1AF215C0009B559D /* Build configuration list for PBXNativeTarget "记账软件Tests" */;
			buildPhases = (
				464B90391AF215C0009B559D /* Sources */,
				464B903A1AF215C0009B559D /* Frameworks */,
				464B903B1AF215C0009B559D /* Resources */,
			);
			buildRules = (
			);
			dependencies = (
				464B903F1AF215C0009B559D /* PBXTargetDependency */,
			);
			name = "记账软件Tests";
			productName = "记账软件Tests";
			productReference = 464B903D1AF215C0009B559D /* 记账软件Tests.xctest */;
			productType = "com.apple.product-type.bundle.unit-test";
		};
/* End PBXNativeTarget section */

/* Begin PBXProject section */
		464B90191AF215C0009B559D /* Project object */ = {
			isa = PBXProject;
			attributes = {
				CLASSPREFIX = YQ;
				LastUpgradeCheck = 0630;
				ORGANIZATIONNAME = nickchen;
				TargetAttributes = {
					464B90201AF215C0009B559D = {
						CreatedOnToolsVersion = 6.3;
						DevelopmentTeam = UA5WA5V26Y;
					};
					464B903C1AF215C0009B559D = {
						CreatedOnToolsVersion = 6.3;
						TestTargetID = 464B90201AF215C0009B559D;
					};
				};
			};
			buildConfigurationList = 464B901C1AF215C0009B559D /* Build configuration list for PBXProject "记账软件" */;
			compatibilityVersion = "Xcode 3.2";
			developmentRegion = English;
			hasScannedForEncodings = 0;
			knownRegions = (
				en,
				Base,
			);
			mainGroup = 464B90181AF215C0009B559D;
			productRefGroup = 464B90221AF215C0009B559D /* Products */;
			projectDirPath = "";
			projectRoot = "";
			targets = (
				464B90201AF215C0009B559D /* 记账软件 */,
				464B903C1AF215C0009B559D /* 记账软件Tests */,
			);
		};
/* End PBXProject section */

/* Begin PBXResourcesBuildPhase section */
		464B901F1AF215C0009B559D /* Resources */ = {
			isa = PBXResourcesBuildPhase;
			buildActionMask = 2147483647;
			files = (
				464B90331AF215C0009B559D /* Main.storyboard in Resources */,
				4614211C1BC6A3720053A2D9 /* YQHomeCell.xib in Resources */,
				4614210C1BC69EE00053A2D9 /* YQLockViewController.xib in Resources */,
				461421611BC6A99B0053A2D9 /* p2pbank.plist in Resources */,
				461420F01BC69D450053A2D9 /* YQLoginController.xib in Resources */,
				461421531BC6A65B0053A2D9 /* YQEdtingController.storyboard in Resources */,
				4614215C1BC6A91E0053A2D9 /* YQTabbarController.xib in Resources */,
				461421061BC69EE00053A2D9 /* YQMoreHeaderView.xib in Resources */,
				461420C11BC69A940053A2D9 /* DateTools.bundle in Resources */,
				464B90381AF215C0009B559D /* LaunchScreen.xib in Resources */,
				4614212E1BC6A3930053A2D9 /* YQDetailCell.xib in Resources */,
				464B90351AF215C0009B559D /* Images.xcassets in Resources */,
				4614214C1BC6A6270053A2D9 /* YQInvestRecordCell.xib in Resources */,
			);
			runOnlyForDeploymentPostprocessing = 0;
		};
		464B903B1AF215C0009B559D /* Resources */ = {
			isa = PBXResourcesBuildPhase;
			buildActionMask = 2147483647;
			files = (
			);
			runOnlyForDeploymentPostprocessing = 0;
		};
/* End PBXResourcesBuildPhase section */

/* Begin PBXSourcesBuildPhase section */
		464B901D1AF215C0009B559D /* Sources */ = {
			isa = PBXSourcesBuildPhase;
			buildActionMask = 2147483647;
			files = (
				461421301BC6A3930053A2D9 /* YQSingleAccountDetail.m in Sources */,
				461421081BC69EE00053A2D9 /* YQCircleView.m in Sources */,
				4614210D1BC69EE00053A2D9 /* YQNoticeTimeController.m in Sources */,
				461420C71BC69A940053A2D9 /* NSDate+DateTools.m in Sources */,
				461421831BC6ADB50053A2D9 /* YQRateBeginDayCell.m in Sources */,
				4614214B1BC6A6270053A2D9 /* YQInvestRecordCell.m in Sources */,
				4614210A1BC69EE00053A2D9 /* YQLockView.m in Sources */,
				461420C41BC69A940053A2D9 /* DTTimePeriodChain.m in Sources */,
				461420C51BC69A940053A2D9 /* DTTimePeriodCollection.m in Sources */,
				4614214D1BC6A6270053A2D9 /* YQInvestRecordController.m in Sources */,
				4614211A1BC6A3720053A2D9 /* CompanyAccount.m in Sources */,
				4614217E1BC6ADB50053A2D9 /* YQIntroCell.m in Sources */,
				461420C21BC69A940053A2D9 /* DTError.m in Sources */,
				461420D01BC69A940053A2D9 /* MJType.m in Sources */,
				461420EA1BC69CC50053A2D9 /* YQPassWordTool.m in Sources */,
				4614213E1BC6A50D0053A2D9 /* YQCompanyViewController.m in Sources */,
				4614211E1BC6A3720053A2D9 /* YQSecondHomeViewController.m in Sources */,
				461420CE1BC69A940053A2D9 /* MJFoundation.m in Sources */,
				4614212F1BC6A3930053A2D9 /* YQSeeDetailController.m in Sources */,
				461421811BC6ADB50053A2D9 /* YQKeepAccountController.m in Sources */,
				461421051BC69EE00053A2D9 /* YQMoreHeaderView.m in Sources */,
				461420C61BC69A940053A2D9 /* DTTimePeriodGroup.m in Sources */,
				461421341BC6A47A0053A2D9 /* YQAccount.m in Sources */,
				461421681BC6A9B10053A2D9 /* AppDelegate.m in Sources */,
				4614216B1BC6A9C90053A2D9 /* YQCompany.m in Sources */,
				461420CD1BC69A940053A2D9 /* MJConst.m in Sources */,
				4614217F1BC6ADB50053A2D9 /* YQInvestAmountCell.m in Sources */,
				4614215A1BC6A91E0053A2D9 /* YQRecordBaseViewController.m in Sources */,
				4614213D1BC6A50D0053A2D9 /* YQCompanyCell.m in Sources */,
				461420C31BC69A940053A2D9 /* DTTimePeriod.m in Sources */,
				461420D31BC69A940053A2D9 /* NSObject+MJProperty.m in Sources */,
				461420CC1BC69A940053A2D9 /* FMResultSet.m in Sources */,
				461421521BC6A65B0053A2D9 /* YQEditingController.m in Sources */,
				461420E91BC69CC50053A2D9 /* YQDate.m in Sources */,
				4614211D1BC6A3720053A2D9 /* YQHomeController.m in Sources */,
				461420CB1BC69A940053A2D9 /* FMDatabaseQueue.m in Sources */,
				461420E71BC69CC50053A2D9 /* YQAccountTool.m in Sources */,
				4614211B1BC6A3720053A2D9 /* YQHomeCell.m in Sources */,
				461421821BC6ADB50053A2D9 /* YQRateAndDateCell.m in Sources */,
				461420CA1BC69A940053A2D9 /* FMDatabasePool.m in Sources */,
				4614215F1BC6A93D0053A2D9 /* YQBaseNavigationController.m in Sources */,
				4614216E1BC6AA380053A2D9 /* UILabel+showNum.m in Sources */,
				4614215B1BC6A91E0053A2D9 /* YQTabbarController.m in Sources */,
				461420D41BC69A940053A2D9 /* NSString+MJExtension.m in Sources */,
				461421071BC69EE00053A2D9 /* YQMoreViewController.m in Sources */,
				461421801BC6ADB50053A2D9 /* YQInvestCompanyCell.m in Sources */,
				461420D21BC69A940053A2D9 /* NSObject+MJKeyValue.m in Sources */,
				461420DC1BC69C250053A2D9 /* YQEventViewController.m in Sources */,
				461420C91BC69A940053A2D9 /* FMDatabaseAdditions.m in Sources */,
				461420DD1BC69C250053A2D9 /* YQPaymentViewCell.m in Sources */,
				461420CF1BC69A940053A2D9 /* MJProperty.m in Sources */,
				461421091BC69EE00053A2D9 /* YQGestureSettingViewController.m in Sources */,
				4614212D1BC6A3930053A2D9 /* YQDetailCell.m in Sources */,
				4614210B1BC69EE00053A2D9 /* YQLockViewController.m in Sources */,
				461421631BC6A9A60053A2D9 /* main.m in Sources */,
				461420D11BC69A940053A2D9 /* NSObject+MJCoding.m in Sources */,
				461420C81BC69A940053A2D9 /* FMDatabase.m in Sources */,
				461420EF1BC69D450053A2D9 /* YQLoginController.m in Sources */,
				461420E81BC69CC50053A2D9 /* YQDataBaseManager.m in Sources */,
			);
			runOnlyForDeploymentPostprocessing = 0;
		};
		464B90391AF215C0009B559D /* Sources */ = {
			isa = PBXSourcesBuildPhase;
			buildActionMask = 2147483647;
			files = (
				464B90441AF215C0009B559D /* ____Tests.m in Sources */,
			);
			runOnlyForDeploymentPostprocessing = 0;
		};
/* End PBXSourcesBuildPhase section */

/* Begin PBXTargetDependency section */
		464B903F1AF215C0009B559D /* PBXTargetDependency */ = {
			isa = PBXTargetDependency;
			target = 464B90201AF215C0009B559D /* 记账软件 */;
			targetProxy = 464B903E1AF215C0009B559D /* PBXContainerItemProxy */;
		};
/* End PBXTargetDependency section */

/* Begin PBXVariantGroup section */
		464B90311AF215C0009B559D /* Main.storyboard */ = {
			isa = PBXVariantGroup;
			children = (
				464B90321AF215C0009B559D /* Base */,
				4663CEE21AF7DFEB008B074C /* zh-Hans */,
			);
			name = Main.storyboard;
			path = "记账软件";
			sourceTree = "<group>";
		};
		464B90361AF215C0009B559D /* LaunchScreen.xib */ = {
			isa = PBXVariantGroup;
			children = (
				464B90371AF215C0009B559D /* Base */,
				4663CEE31AF7DFEB008B074C /* zh-Hans */,
			);
			name = LaunchScreen.xib;
			sourceTree = "<group>";
		};
/* End PBXVariantGroup section */

/* Begin XCBuildConfiguration section */
		464B90451AF215C0009B559D /* Debug */ = {
			isa = XCBuildConfiguration;
			buildSettings = {
				ALWAYS_SEARCH_USER_PATHS = NO;
				CLANG_CXX_LANGUAGE_STANDARD = "gnu++0x";
				CLANG_CXX_LIBRARY = "libc++";
				CLANG_ENABLE_MODULES = YES;
				CLANG_ENABLE_OBJC_ARC = YES;
				CLANG_WARN_BOOL_CONVERSION = YES;
				CLANG_WARN_CONSTANT_CONVERSION = YES;
				CLANG_WARN_DIRECT_OBJC_ISA_USAGE = YES_ERROR;
				CLANG_WARN_EMPTY_BODY = YES;
				CLANG_WARN_ENUM_CONVERSION = YES;
				CLANG_WARN_INT_CONVERSION = YES;
				CLANG_WARN_OBJC_ROOT_CLASS = YES_ERROR;
				CLANG_WARN_UNREACHABLE_CODE = YES;
				CLANG_WARN__DUPLICATE_METHOD_MATCH = YES;
				"CODE_SIGN_IDENTITY[sdk=iphoneos*]" = "iPhone Developer";
				COPY_PHASE_STRIP = NO;
				DEBUG_INFORMATION_FORMAT = "dwarf-with-dsym";
				ENABLE_STRICT_OBJC_MSGSEND = YES;
				GCC_C_LANGUAGE_STANDARD = gnu99;
				GCC_DYNAMIC_NO_PIC = NO;
				GCC_NO_COMMON_BLOCKS = YES;
				GCC_OPTIMIZATION_LEVEL = 0;
				GCC_PREPROCESSOR_DEFINITIONS = (
					"DEBUG=1",
					"$(inherited)",
				);
				GCC_SYMBOLS_PRIVATE_EXTERN = NO;
				GCC_WARN_64_TO_32_BIT_CONVERSION = YES;
				GCC_WARN_ABOUT_RETURN_TYPE = YES_ERROR;
				GCC_WARN_UNDECLARED_SELECTOR = YES;
				GCC_WARN_UNINITIALIZED_AUTOS = YES_AGGRESSIVE;
				GCC_WARN_UNUSED_FUNCTION = YES;
				GCC_WARN_UNUSED_VARIABLE = YES;
				IPHONEOS_DEPLOYMENT_TARGET = 8.3;
				MTL_ENABLE_DEBUG_INFO = YES;
				ONLY_ACTIVE_ARCH = YES;
				SDKROOT = iphoneos;
			};
			name = Debug;
		};
		464B90461AF215C0009B559D /* Release */ = {
			isa = XCBuildConfiguration;
			buildSettings = {
				ALWAYS_SEARCH_USER_PATHS = NO;
				CLANG_CXX_LANGUAGE_STANDARD = "gnu++0x";
				CLANG_CXX_LIBRARY = "libc++";
				CLANG_ENABLE_MODULES = YES;
				CLANG_ENABLE_OBJC_ARC = YES;
				CLANG_WARN_BOOL_CONVERSION = YES;
				CLANG_WARN_CONSTANT_CONVERSION = YES;
				CLANG_WARN_DIRECT_OBJC_ISA_USAGE = YES_ERROR;
				CLANG_WARN_EMPTY_BODY = YES;
				CLANG_WARN_ENUM_CONVERSION = YES;
				CLANG_WARN_INT_CONVERSION = YES;
				CLANG_WARN_OBJC_ROOT_CLASS = YES_ERROR;
				CLANG_WARN_UNREACHABLE_CODE = YES;
				CLANG_WARN__DUPLICATE_METHOD_MATCH = YES;
				"CODE_SIGN_IDENTITY[sdk=iphoneos*]" = "iPhone Developer";
				COPY_PHASE_STRIP = NO;
				DEBUG_INFORMATION_FORMAT = "dwarf-with-dsym";
				ENABLE_NS_ASSERTIONS = NO;
				ENABLE_STRICT_OBJC_MSGSEND = YES;
				GCC_C_LANGUAGE_STANDARD = gnu99;
				GCC_NO_COMMON_BLOCKS = YES;
				GCC_WARN_64_TO_32_BIT_CONVERSION = YES;
				GCC_WARN_ABOUT_RETURN_TYPE = YES_ERROR;
				GCC_WARN_UNDECLARED_SELECTOR = YES;
				GCC_WARN_UNINITIALIZED_AUTOS = YES_AGGRESSIVE;
				GCC_WARN_UNUSED_FUNCTION = YES;
				GCC_WARN_UNUSED_VARIABLE = YES;
				IPHONEOS_DEPLOYMENT_TARGET = 8.3;
				MTL_ENABLE_DEBUG_INFO = NO;
				SDKROOT = iphoneos;
				VALIDATE_PRODUCT = YES;
			};
			name = Release;
		};
		464B90481AF215C0009B559D /* Debug */ = {
			isa = XCBuildConfiguration;
			buildSettings = {
				ASSETCATALOG_COMPILER_APPICON_NAME = AppIcon;
				CODE_SIGN_IDENTITY = "iPhone Developer";
				INFOPLIST_FILE = "记账软件/Info.plist";
				LD_RUNPATH_SEARCH_PATHS = "$(inherited) @executable_path/Frameworks";
				PRODUCT_NAME = "$(TARGET_NAME)";
			};
			name = Debug;
		};
		464B90491AF215C0009B559D /* Release */ = {
			isa = XCBuildConfiguration;
			buildSettings = {
				ASSETCATALOG_COMPILER_APPICON_NAME = AppIcon;
				CODE_SIGN_IDENTITY = "iPhone Developer";
				INFOPLIST_FILE = "记账软件/Info.plist";
				LD_RUNPATH_SEARCH_PATHS = "$(inherited) @executable_path/Frameworks";
				PRODUCT_NAME = "$(TARGET_NAME)";
			};
			name = Release;
		};
		464B904B1AF215C0009B559D /* Debug */ = {
			isa = XCBuildConfiguration;
			buildSettings = {
				BUNDLE_LOADER = "$(TEST_HOST)";
				FRAMEWORK_SEARCH_PATHS = (
					"$(SDKROOT)/Developer/Library/Frameworks",
					"$(inherited)",
				);
				GCC_PREPROCESSOR_DEFINITIONS = (
					"DEBUG=1",
					"$(inherited)",
				);
				INFOPLIST_FILE = "记账软件Tests/Info.plist";
				LD_RUNPATH_SEARCH_PATHS = "$(inherited) @executable_path/Frameworks @loader_path/Frameworks";
				PRODUCT_NAME = "$(TARGET_NAME)";
				TEST_HOST = "$(BUILT_PRODUCTS_DIR)/记账软件.app/记账软件";
			};
			name = Debug;
		};
		464B904C1AF215C0009B559D /* Release */ = {
			isa = XCBuildConfiguration;
			buildSettings = {
				BUNDLE_LOADER = "$(TEST_HOST)";
				FRAMEWORK_SEARCH_PATHS = (
					"$(SDKROOT)/Developer/Library/Frameworks",
					"$(inherited)",
				);
				INFOPLIST_FILE = "记账软件Tests/Info.plist";
				LD_RUNPATH_SEARCH_PATHS = "$(inherited) @executable_path/Frameworks @loader_path/Frameworks";
				PRODUCT_NAME = "$(TARGET_NAME)";
				TEST_HOST = "$(BUILT_PRODUCTS_DIR)/记账软件.app/记账软件";
			};
			name = Release;
		};
/* End XCBuildConfiguration section */

/* Begin XCConfigurationList section */
		464B901C1AF215C0009B559D /* Build configuration list for PBXProject "记账软件" */ = {
			isa = XCConfigurationList;
			buildConfigurations = (
				464B90451AF215C0009B559D /* Debug */,
				464B90461AF215C0009B559D /* Release */,
			);
			defaultConfigurationIsVisible = 0;
			defaultConfigurationName = Release;
		};
		464B90471AF215C0009B559D /* Build configuration list for PBXNativeTarget "记账软件" */ = {
			isa = XCConfigurationList;
			buildConfigurations = (
				464B90481AF215C0009B559D /* Debug */,
				464B90491AF215C0009B559D /* Release */,
			);
			defaultConfigurationIsVisible = 0;
			defaultConfigurationName = Release;
		};
		464B904A1AF215C0009B559D /* Build configuration list for PBXNativeTarget "记账软件Tests" */ = {
			isa = XCConfigurationList;
			buildConfigurations = (
				464B904B1AF215C0009B559D /* Debug */,
				464B904C1AF215C0009B559D /* Release */,
			);
			defaultConfigurationIsVisible = 0;
			defaultConfigurationName = Release;
		};
/* End XCConfigurationList section */
	};
	rootObject = 464B90191AF215C0009B559D /* Project object */;
}
